// !$*UTF8*$!
{
	archiveVersion = 1;
	classes = {
	};
	objectVersion = 46;
	objects = {

/* Begin PBXBuildFile section */
		AC2772B81F0CB81600029920 /* AppDelegate.swift in Sources */ = {isa = PBXBuildFile; fileRef = AC2772B71F0CB81600029920 /* AppDelegate.swift */; };
		AC2772BA1F0CB81600029920 /* ViewController.swift in Sources */ = {isa = PBXBuildFile; fileRef = AC2772B91F0CB81600029920 /* ViewController.swift */; };
		AC2772BC1F0CB81600029920 /* Assets.xcassets in Resources */ = {isa = PBXBuildFile; fileRef = AC2772BB1F0CB81600029920 /* Assets.xcassets */; };
		AC2772BF1F0CB81600029920 /* Main.storyboard in Resources */ = {isa = PBXBuildFile; fileRef = AC2772BD1F0CB81600029920 /* Main.storyboard */; };
		AC2772CA1F0CB81600029920 /* HelloWorld_macOSAppTests.swift in Sources */ = {isa = PBXBuildFile; fileRef = AC2772C91F0CB81600029920 /* HelloWorld_macOSAppTests.swift */; };
		AC2772D51F0CB81600029920 /* HelloWorld_macOSAppUITests.swift in Sources */ = {isa = PBXBuildFile; fileRef = AC2772D41F0CB81600029920 /* HelloWorld_macOSAppUITests.swift */; };
/* End PBXBuildFile section */

/* Begin PBXContainerItemProxy section */
		AC2772C61F0CB81600029920 /* PBXContainerItemProxy */ = {
			isa = PBXContainerItemProxy;
			containerPortal = AC2772AC1F0CB81500029920 /* Project object */;
			proxyType = 1;
			remoteGlobalIDString = AC2772B31F0CB81500029920;
			remoteInfo = "HelloWorld-macOSApp";
		};
		AC2772D11F0CB81600029920 /* PBXContainerItemProxy */ = {
			isa = PBXContainerItemProxy;
			containerPortal = AC2772AC1F0CB81500029920 /* Project object */;
			proxyType = 1;
			remoteGlobalIDString = AC2772B31F0CB81500029920;
			remoteInfo = "HelloWorld-macOSApp";
		};
/* End PBXContainerItemProxy section */

/* Begin PBXFileReference section */
		AC2772B41F0CB81600029920 /* HelloWorld-macOSApp.app */ = {isa = PBXFileReference; explicitFileType = wrapper.application; includeInIndex = 0; path = "HelloWorld-macOSApp.app"; sourceTree = BUILT_PRODUCTS_DIR; };
		AC2772B71F0CB81600029920 /* AppDelegate.swift */ = {isa = PBXFileReference; lastKnownFileType = sourcecode.swift; path = AppDelegate.swift; sourceTree = "<group>"; };
		AC2772B91F0CB81600029920 /* ViewController.swift */ = {isa = PBXFileReference; lastKnownFileType = sourcecode.swift; path = ViewController.swift; sourceTree = "<group>"; };
		AC2772BB1F0CB81600029920 /* Assets.xcassets */ = {isa = PBXFileReference; lastKnownFileType = folder.assetcatalog; path = Assets.xcassets; sourceTree = "<group>"; };
		AC2772BE1F0CB81600029920 /* Base */ = {isa = PBXFileReference; lastKnownFileType = file.storyboard; name = Base; path = Base.lproj/Main.storyboard; sourceTree = "<group>"; };
		AC2772C01F0CB81600029920 /* Info.plist */ = {isa = PBXFileReference; lastKnownFileType = text.plist.xml; path = Info.plist; sourceTree = "<group>"; };
		AC2772C51F0CB81600029920 /* HelloWorld-macOSAppTests.xctest */ = {isa = PBXFileReference; explicitFileType = wrapper.cfbundle; includeInIndex = 0; path = "HelloWorld-macOSAppTests.xctest"; sourceTree = BUILT_PRODUCTS_DIR; };
		AC2772C91F0CB81600029920 /* HelloWorld_macOSAppTests.swift */ = {isa = PBXFileReference; lastKnownFileType = sourcecode.swift; path = HelloWorld_macOSAppTests.swift; sourceTree = "<group>"; };
		AC2772CB1F0CB81600029920 /* Info.plist */ = {isa = PBXFileReference; lastKnownFileType = text.plist.xml; path = Info.plist; sourceTree = "<group>"; };
		AC2772D01F0CB81600029920 /* HelloWorld-macOSAppUITests.xctest */ = {isa = PBXFileReference; explicitFileType = wrapper.cfbundle; includeInIndex = 0; path = "HelloWorld-macOSAppUITests.xctest"; sourceTree = BUILT_PRODUCTS_DIR; };
		AC2772D41F0CB81600029920 /* HelloWorld_macOSAppUITests.swift */ = {isa = PBXFileReference; lastKnownFileType = sourcecode.swift; path = HelloWorld_macOSAppUITests.swift; sourceTree = "<group>"; };
		AC2772D61F0CB81600029920 /* Info.plist */ = {isa = PBXFileReference; lastKnownFileType = text.plist.xml; path = Info.plist; sourceTree = "<group>"; };
/* End PBXFileReference section */

/* Begin PBXFrameworksBuildPhase section */
		AC2772B11F0CB81500029920 /* Frameworks */ = {
			isa = PBXFrameworksBuildPhase;
			buildActionMask = 2147483647;
			files = (
			);
			runOnlyForDeploymentPostprocessing = 0;
		};
		AC2772C21F0CB81600029920 /* Frameworks */ = {
			isa = PBXFrameworksBuildPhase;
			buildActionMask = 2147483647;
			files = (
			);
			runOnlyForDeploymentPostprocessing = 0;
		};
		AC2772CD1F0CB81600029920 /* Frameworks */ = {
			isa = PBXFrameworksBuildPhase;
			buildActionMask = 2147483647;
			files = (
			);
			runOnlyForDeploymentPostprocessing = 0;
		};
/* End PBXFrameworksBuildPhase section */

/* Begin PBXGroup section */
		AC2772AB1F0CB81500029920 = {
			isa = PBXGroup;
			children = (
				AC2772B61F0CB81600029920 /* HelloWorld-macOSApp */,
				AC2772C81F0CB81600029920 /* HelloWorld-macOSAppTests */,
				AC2772D31F0CB81600029920 /* HelloWorld-macOSAppUITests */,
				AC2772B51F0CB81600029920 /* Products */,
			);
			sourceTree = "<group>";
		};
		AC2772B51F0CB81600029920 /* Products */ = {
			isa = PBXGroup;
			children = (
				AC2772B41F0CB81600029920 /* HelloWorld-macOSApp.app */,
				AC2772C51F0CB81600029920 /* HelloWorld-macOSAppTests.xctest */,
				AC2772D01F0CB81600029920 /* HelloWorld-macOSAppUITests.xctest */,
			);
			name = Products;
			sourceTree = "<group>";
		};
		AC2772B61F0CB81600029920 /* HelloWorld-macOSApp */ = {
			isa = PBXGroup;
			children = (
				AC2772B71F0CB81600029920 /* AppDelegate.swift */,
				AC2772B91F0CB81600029920 /* ViewController.swift */,
				AC2772BB1F0CB81600029920 /* Assets.xcassets */,
				AC2772BD1F0CB81600029920 /* Main.storyboard */,
				AC2772C01F0CB81600029920 /* Info.plist */,
			);
			path = "HelloWorld-macOSApp";
			sourceTree = "<group>";
		};
		AC2772C81F0CB81600029920 /* HelloWorld-macOSAppTests */ = {
			isa = PBXGroup;
			children = (
				AC2772C91F0CB81600029920 /* HelloWorld_macOSAppTests.swift */,
				AC2772CB1F0CB81600029920 /* Info.plist */,
			);
			path = "HelloWorld-macOSAppTests";
			sourceTree = "<group>";
		};
		AC2772D31F0CB81600029920 /* HelloWorld-macOSAppUITests */ = {
			isa = PBXGroup;
			children = (
				AC2772D41F0CB81600029920 /* HelloWorld_macOSAppUITests.swift */,
				AC2772D61F0CB81600029920 /* Info.plist */,
			);
			path = "HelloWorld-macOSAppUITests";
			sourceTree = "<group>";
		};
/* End PBXGroup section */

/* Begin PBXNativeTarget section */
		AC2772B31F0CB81500029920 /* HelloWorld-macOSApp */ = {
			isa = PBXNativeTarget;
			buildConfigurationList = AC2772D91F0CB81600029920 /* Build configuration list for PBXNativeTarget "HelloWorld-macOSApp" */;
			buildPhases = (
				AC2772B01F0CB81500029920 /* Sources */,
				AC2772B11F0CB81500029920 /* Frameworks */,
				AC2772B21F0CB81500029920 /* Resources */,
			);
			buildRules = (
			);
			dependencies = (
			);
			name = "HelloWorld-macOSApp";
			productName = "HelloWorld-macOSApp";
			productReference = AC2772B41F0CB81600029920 /* HelloWorld-macOSApp.app */;
			productType = "com.apple.product-type.application";
		};
		AC2772C41F0CB81600029920 /* HelloWorld-macOSAppTests */ = {
			isa = PBXNativeTarget;
			buildConfigurationList = AC2772DC1F0CB81600029920 /* Build configuration list for PBXNativeTarget "HelloWorld-macOSAppTests" */;
			buildPhases = (
				AC2772C11F0CB81600029920 /* Sources */,
				AC2772C21F0CB81600029920 /* Frameworks */,
				AC2772C31F0CB81600029920 /* Resources */,
			);
			buildRules = (
			);
			dependencies = (
				AC2772C71F0CB81600029920 /* PBXTargetDependency */,
			);
			name = "HelloWorld-macOSAppTests";
			productName = "HelloWorld-macOSAppTests";
			productReference = AC2772C51F0CB81600029920 /* HelloWorld-macOSAppTests.xctest */;
			productType = "com.apple.product-type.bundle.unit-test";
		};
		AC2772CF1F0CB81600029920 /* HelloWorld-macOSAppUITests */ = {
			isa = PBXNativeTarget;
			buildConfigurationList = AC2772DF1F0CB81600029920 /* Build configuration list for PBXNativeTarget "HelloWorld-macOSAppUITests" */;
			buildPhases = (
				AC2772CC1F0CB81600029920 /* Sources */,
				AC2772CD1F0CB81600029920 /* Frameworks */,
				AC2772CE1F0CB81600029920 /* Resources */,
			);
			buildRules = (
			);
			dependencies = (
				AC2772D21F0CB81600029920 /* PBXTargetDependency */,
			);
			name = "HelloWorld-macOSAppUITests";
			productName = "HelloWorld-macOSAppUITests";
			productReference = AC2772D01F0CB81600029920 /* HelloWorld-macOSAppUITests.xctest */;
			productType = "com.apple.product-type.bundle.ui-testing";
		};
/* End PBXNativeTarget section */

/* Begin PBXProject section */
		AC2772AC1F0CB81500029920 /* Project object */ = {
			isa = PBXProject;
			attributes = {
				LastSwiftUpdateCheck = 0830;
				LastUpgradeCheck = 0830;
				ORGANIZATIONNAME = 178inaba;
				TargetAttributes = {
					AC2772B31F0CB81500029920 = {
						CreatedOnToolsVersion = 8.3.3;
						ProvisioningStyle = Automatic;
					};
					AC2772C41F0CB81600029920 = {
						CreatedOnToolsVersion = 8.3.3;
						ProvisioningStyle = Automatic;
						TestTargetID = AC2772B31F0CB81500029920;
					};
					AC2772CF1F0CB81600029920 = {
						CreatedOnToolsVersion = 8.3.3;
						ProvisioningStyle = Automatic;
						TestTargetID = AC2772B31F0CB81500029920;
					};
				};
			};
			buildConfigurationList = AC2772AF1F0CB81500029920 /* Build configuration list for PBXProject "HelloWorld-macOSApp" */;
			compatibilityVersion = "Xcode 3.2";
			developmentRegion = English;
			hasScannedForEncodings = 0;
			knownRegions = (
				en,
				Base,
			);
			mainGroup = AC2772AB1F0CB81500029920;
			productRefGroup = AC2772B51F0CB81600029920 /* Products */;
			projectDirPath = "";
			projectRoot = "";
			targets = (
				AC2772B31F0CB81500029920 /* HelloWorld-macOSApp */,
				AC2772C41F0CB81600029920 /* HelloWorld-macOSAppTests */,
				AC2772CF1F0CB81600029920 /* HelloWorld-macOSAppUITests */,
			);
		};
/* End PBXProject section */

/* Begin PBXResourcesBuildPhase section */
		AC2772B21F0CB81500029920 /* Resources */ = {
			isa = PBXResourcesBuildPhase;
			buildActionMask = 2147483647;
			files = (
				AC2772BC1F0CB81600029920 /* Assets.xcassets in Resources */,
				AC2772BF1F0CB81600029920 /* Main.storyboard in Resources */,
			);
			runOnlyForDeploymentPostprocessing = 0;
		};
		AC2772C31F0CB81600029920 /* Resources */ = {
			isa = PBXResourcesBuildPhase;
			buildActionMask = 2147483647;
			files = (
			);
			runOnlyForDeploymentPostprocessing = 0;
		};
		AC2772CE1F0CB81600029920 /* Resources */ = {
			isa = PBXResourcesBuildPhase;
			buildActionMask = 2147483647;
			files = (
			);
			runOnlyForDeploymentPostprocessing = 0;
		};
/* End PBXResourcesBuildPhase section */

/* Begin PBXSourcesBuildPhase section */
		AC2772B01F0CB81500029920 /* Sources */ = {
			isa = PBXSourcesBuildPhase;
			buildActionMask = 2147483647;
			files = (
				AC2772BA1F0CB81600029920 /* ViewController.swift in Sources */,
				AC2772B81F0CB81600029920 /* AppDelegate.swift in Sources */,
			);
			runOnlyForDeploymentPostprocessing = 0;
		};
		AC2772C11F0CB81600029920 /* Sources */ = {
			isa = PBXSourcesBuildPhase;
			buildActionMask = 2147483647;
			files = (
				AC2772CA1F0CB81600029920 /* HelloWorld_macOSAppTests.swift in Sources */,
			);
			runOnlyForDeploymentPostprocessing = 0;
		};
		AC2772CC1F0CB81600029920 /* Sources */ = {
			isa = PBXSourcesBuildPhase;
			buildActionMask = 2147483647;
			files = (
				AC2772D51F0CB81600029920 /* HelloWorld_macOSAppUITests.swift in Sources */,
			);
			runOnlyForDeploymentPostprocessing = 0;
		};
/* End PBXSourcesBuildPhase section */

/* Begin PBXTargetDependency section */
		AC2772C71F0CB81600029920 /* PBXTargetDependency */ = {
			isa = PBXTargetDependency;
			target = AC2772B31F0CB81500029920 /* HelloWorld-macOSApp */;
			targetProxy = AC2772C61F0CB81600029920 /* PBXContainerItemProxy */;
		};
		AC2772D21F0CB81600029920 /* PBXTargetDependency */ = {
			isa = PBXTargetDependency;
			target = AC2772B31F0CB81500029920 /* HelloWorld-macOSApp */;
			targetProxy = AC2772D11F0CB81600029920 /* PBXContainerItemProxy */;
		};
/* End PBXTargetDependency section */

/* Begin PBXVariantGroup section */
		AC2772BD1F0CB81600029920 /* Main.storyboard */ = {
			isa = PBXVariantGroup;
			children = (
				AC2772BE1F0CB81600029920 /* Base */,
			);
			name = Main.storyboard;
			sourceTree = "<group>";
		};
/* End PBXVariantGroup section */

/* Begin XCBuildConfiguration section */
		AC2772D71F0CB81600029920 /* Debug */ = {
			isa = XCBuildConfiguration;
			buildSettings = {
				ALWAYS_SEARCH_USER_PATHS = NO;
				CLANG_ANALYZER_NONNULL = YES;
				CLANG_ANALYZER_NUMBER_OBJECT_CONVERSION = YES_AGGRESSIVE;
				CLANG_CXX_LANGUAGE_STANDARD = "gnu++0x";
				CLANG_CXX_LIBRARY = "libc++";
				CLANG_ENABLE_MODULES = YES;
				CLANG_ENABLE_OBJC_ARC = YES;
				CLANG_WARN_BOOL_CONVERSION = YES;
				CLANG_WARN_CONSTANT_CONVERSION = YES;
				CLANG_WARN_DIRECT_OBJC_ISA_USAGE = YES_ERROR;
				CLANG_WARN_DOCUMENTATION_COMMENTS = YES;
				CLANG_WARN_EMPTY_BODY = YES;
				CLANG_WARN_ENUM_CONVERSION = YES;
				CLANG_WARN_INFINITE_RECURSION = YES;
				CLANG_WARN_INT_CONVERSION = YES;
				CLANG_WARN_OBJC_ROOT_CLASS = YES_ERROR;
				CLANG_WARN_SUSPICIOUS_MOVE = YES;
				CLANG_WARN_UNREACHABLE_CODE = YES;
				CLANG_WARN__DUPLICATE_METHOD_MATCH = YES;
				CODE_SIGN_IDENTITY = "-";
				COPY_PHASE_STRIP = NO;
				DEBUG_INFORMATION_FORMAT = dwarf;
				ENABLE_STRICT_OBJC_MSGSEND = YES;
				ENABLE_TESTABILITY = YES;
				GCC_C_LANGUAGE_STANDARD = gnu99;
				GCC_DYNAMIC_NO_PIC = NO;
				GCC_NO_COMMON_BLOCKS = YES;
				GCC_OPTIMIZATION_LEVEL = 0;
				GCC_PREPROCESSOR_DEFINITIONS = (
					"DEBUG=1",
					"$(inherited)",
				);
				GCC_WARN_64_TO_32_BIT_CONVERSION = YES;
				GCC_WARN_ABOUT_RETURN_TYPE = YES_ERROR;
				GCC_WARN_UNDECLARED_SELECTOR = YES;
				GCC_WARN_UNINITIALIZED_AUTOS = YES_AGGRESSIVE;
				GCC_WARN_UNUSED_FUNCTION = YES;
				GCC_WARN_UNUSED_VARIABLE = YES;
				MACOSX_DEPLOYMENT_TARGET = 10.12;
				MTL_ENABLE_DEBUG_INFO = YES;
				ONLY_ACTIVE_ARCH = YES;
				SDKROOT = macosx;
				SWIFT_ACTIVE_COMPILATION_CONDITIONS = DEBUG;
				SWIFT_OPTIMIZATION_LEVEL = "-Onone";
			};
			name = Debug;
		};
		AC2772D81F0CB81600029920 /* Release */ = {
			isa = XCBuildConfiguration;
			buildSettings = {
				ALWAYS_SEARCH_USER_PATHS = NO;
				CLANG_ANALYZER_NONNULL = YES;
				CLANG_ANALYZER_NUMBER_OBJECT_CONVERSION = YES_AGGRESSIVE;
				CLANG_CXX_LANGUAGE_STANDARD = "gnu++0x";
				CLANG_CXX_LIBRARY = "libc++";
				CLANG_ENABLE_MODULES = YES;
				CLANG_ENABLE_OBJC_ARC = YES;
				CLANG_WARN_BOOL_CONVERSION = YES;
				CLANG_WARN_CONSTANT_CONVERSION = YES;
				CLANG_WARN_DIRECT_OBJC_ISA_USAGE = YES_ERROR;
				CLANG_WARN_DOCUMENTATION_COMMENTS = YES;
				CLANG_WARN_EMPTY_BODY = YES;
				CLANG_WARN_ENUM_CONVERSION = YES;
				CLANG_WARN_INFINITE_RECURSION = YES;
				CLANG_WARN_INT_CONVERSION = YES;
				CLANG_WARN_OBJC_ROOT_CLASS = YES_ERROR;
				CLANG_WARN_SUSPICIOUS_MOVE = YES;
				CLANG_WARN_UNREACHABLE_CODE = YES;
				CLANG_WARN__DUPLICATE_METHOD_MATCH = YES;
				CODE_SIGN_IDENTITY = "-";
				COPY_PHASE_STRIP = NO;
				DEBUG_INFORMATION_FORMAT = "dwarf-with-dsym";
				ENABLE_NS_ASSERTIONS = NO;
				ENABLE_STRICT_OBJC_MSGSEND = YES;
				GCC_C_LANGUAGE_STANDARD = gnu99;
				GCC_NO_COMMON_BLOCKS = YES;
				GCC_WARN_64_TO_32_BIT_CONVERSION = YES;
				GCC_WARN_ABOUT_RETURN_TYPE = YES_ERROR;
				GCC_WARN_UNDECLARED_SELECTOR = YES;
				GCC_WARN_UNINITIALIZED_AUTOS = YES_AGGRESSIVE;
				GCC_WARN_UNUSED_FUNCTION = YES;
				GCC_WARN_UNUSED_VARIABLE = YES;
				MACOSX_DEPLOYMENT_TARGET = 10.12;
				MTL_ENABLE_DEBUG_INFO = NO;
				SDKROOT = macosx;
				SWIFT_OPTIMIZATION_LEVEL = "-Owholemodule";
			};
			name = Release;
		};
		AC2772DA1F0CB81600029920 /* Debug */ = {
			isa = XCBuildConfiguration;
			buildSettings = {
				ASSETCATALOG_COMPILER_APPICON_NAME = AppIcon;
				COMBINE_HIDPI_IMAGES = YES;
				INFOPLIST_FILE = "HelloWorld-macOSApp/Info.plist";
				LD_RUNPATH_SEARCH_PATHS = "$(inherited) @executable_path/../Frameworks";
				PRODUCT_BUNDLE_IDENTIFIER = "com.178inaba.HelloWorld-macOSApp";
				PRODUCT_NAME = "$(TARGET_NAME)";
				SWIFT_VERSION = 3.0;
			};
			name = Debug;
		};
		AC2772DB1F0CB81600029920 /* Release */ = {
			isa = XCBuildConfiguration;
			buildSettings = {
				ASSETCATALOG_COMPILER_APPICON_NAME = AppIcon;
				COMBINE_HIDPI_IMAGES = YES;
				INFOPLIST_FILE = "HelloWorld-macOSApp/Info.plist";
				LD_RUNPATH_SEARCH_PATHS = "$(inherited) @executable_path/../Frameworks";
				PRODUCT_BUNDLE_IDENTIFIER = "com.178inaba.HelloWorld-macOSApp";
				PRODUCT_NAME = "$(TARGET_NAME)";
				SWIFT_VERSION = 3.0;
			};
			name = Release;
		};
		AC2772DD1F0CB81600029920 /* Debug */ = {
			isa = XCBuildConfiguration;
			buildSettings = {
				ALWAYS_EMBED_SWIFT_STANDARD_LIBRARIES = YES;
				BUNDLE_LOADER = "$(TEST_HOST)";
				COMBINE_HIDPI_IMAGES = YES;
				INFOPLIST_FILE = "HelloWorld-macOSAppTests/Info.plist";
				LD_RUNPATH_SEARCH_PATHS = "$(inherited) @executable_path/../Frameworks @loader_path/../Frameworks";
				PRODUCT_BUNDLE_IDENTIFIER = "com.178inaba.HelloWorld-macOSAppTests";
				PRODUCT_NAME = "$(TARGET_NAME)";
				SWIFT_VERSION = 3.0;
				TEST_HOST = "$(BUILT_PRODUCTS_DIR)/HelloWorld-macOSApp.app/Contents/MacOS/HelloWorld-macOSApp";
			};
			name = Debug;
		};
		AC2772DE1F0CB81600029920 /* Release */ = {
			isa = XCBuildConfiguration;
			buildSettings = {
				ALWAYS_EMBED_SWIFT_STANDARD_LIBRARIES = YES;
				BUNDLE_LOADER = "$(TEST_HOST)";
				COMBINE_HIDPI_IMAGES = YES;
				INFOPLIST_FILE = "HelloWorld-macOSAppTests/Info.plist";
				LD_RUNPATH_SEARCH_PATHS = "$(inherited) @executable_path/../Frameworks @loader_path/../Frameworks";
				PRODUCT_BUNDLE_IDENTIFIER = "com.178inaba.HelloWorld-macOSAppTests";
				PRODUCT_NAME = "$(TARGET_NAME)";
				SWIFT_VERSION = 3.0;
				TEST_HOST = "$(BUILT_PRODUCTS_DIR)/HelloWorld-macOSApp.app/Contents/MacOS/HelloWorld-macOSApp";
			};
			name = Release;
		};
		AC2772E01F0CB81600029920 /* Debug */ = {
			isa = XCBuildConfiguration;
			buildSettings = {
				ALWAYS_EMBED_SWIFT_STANDARD_LIBRARIES = YES;
				COMBINE_HIDPI_IMAGES = YES;
				INFOPLIST_FILE = "HelloWorld-macOSAppUITests/Info.plist";
				LD_RUNPATH_SEARCH_PATHS = "$(inherited) @executable_path/../Frameworks @loader_path/../Frameworks";
				PRODUCT_BUNDLE_IDENTIFIER = "com.178inaba.HelloWorld-macOSAppUITests";
				PRODUCT_NAME = "$(TARGET_NAME)";
				SWIFT_VERSION = 3.0;
				TEST_TARGET_NAME = "HelloWorld-macOSApp";
			};
			name = Debug;
		};
		AC2772E11F0CB81600029920 /* Release */ = {
			isa = XCBuildConfiguration;
			buildSettings = {
				ALWAYS_EMBED_SWIFT_STANDARD_LIBRARIES = YES;
				COMBINE_HIDPI_IMAGES = YES;
				INFOPLIST_FILE = "HelloWorld-macOSAppUITests/Info.plist";
				LD_RUNPATH_SEARCH_PATHS = "$(inherited) @executable_path/../Frameworks @loader_path/../Frameworks";
				PRODUCT_BUNDLE_IDENTIFIER = "com.178inaba.HelloWorld-macOSAppUITests";
				PRODUCT_NAME = "$(TARGET_NAME)";
				SWIFT_VERSION = 3.0;
				TEST_TARGET_NAME = "HelloWorld-macOSApp";
			};
			name = Release;
		};
/* End XCBuildConfiguration section */

/* Begin XCConfigurationList section */
		AC2772AF1F0CB81500029920 /* Build configuration list for PBXProject "HelloWorld-macOSApp" */ = {
			isa = XCConfigurationList;
			buildConfigurations = (
				AC2772D71F0CB81600029920 /* Debug */,
				AC2772D81F0CB81600029920 /* Release */,
			);
			defaultConfigurationIsVisible = 0;
			defaultConfigurationName = Release;
		};
		AC2772D91F0CB81600029920 /* Build configuration list for PBXNativeTarget "HelloWorld-macOSApp" */ = {
			isa = XCConfigurationList;
			buildConfigurations = (
				AC2772DA1F0CB81600029920 /* Debug */,
				AC2772DB1F0CB81600029920 /* Release */,
			);
			defaultConfigurationIsVisible = 0;
		};
		AC2772DC1F0CB81600029920 /* Build configuration list for PBXNativeTarget "HelloWorld-macOSAppTests" */ = {
			isa = XCConfigurationList;
			buildConfigurations = (
				AC2772DD1F0CB81600029920 /* Debug */,
				AC2772DE1F0CB81600029920 /* Release */,
			);
			defaultConfigurationIsVisible = 0;
		};
		AC2772DF1F0CB81600029920 /* Build configuration list for PBXNativeTarget "HelloWorld-macOSAppUITests" */ = {
			isa = XCConfigurationList;
			buildConfigurations = (
				AC2772E01F0CB81600029920 /* Debug */,
				AC2772E11F0CB81600029920 /* Release */,
			);
			defaultConfigurationIsVisible = 0;
		};
/* End XCConfigurationList section */
	};
	rootObject = AC2772AC1F0CB81500029920 /* Project object */;
}
